
Microsoft Visual Studio Solution File, Format Version 12.00
# Visual Studio Version 16
VisualStudioVersion = 16.0.32929.386
MinimumVisualStudioVersion = 10.0.40219.1
Project("{9A19103F-16F7-4668-BE54-9A1E7A4F7556}") = "Biblioteca de clases", "Biblioteca de clases\Biblioteca de clases.csproj", "{5C965704-BCD6-4C01-BB41-0BF05D8BC797}"
EndProject
Project("{9A19103F-16F7-4668-BE54-9A1E7A4F7556}") = "Forms", "Forms\Forms.csproj", "{77576D53-ECD7-4433-A4B2-1ADD6EDCA707}"
EndProject
Global
	GlobalSection(SolutionConfigurationPlatforms) = preSolution
		Debug|Any CPU = Debug|Any CPU
		Release|Any CPU = Release|Any CPU
	EndGlobalSection
	GlobalSection(ProjectConfigurationPlatforms) = postSolution
		{5C965704-BCD6-4C01-BB41-0BF05D8BC797}.Debug|Any CPU.ActiveCfg = Debug|Any CPU
		{5C965704-BCD6-4C01-BB41-0BF05D8BC797}.Debug|Any CPU.Build.0 = Debug|Any CPU
		{5C965704-BCD6-4C01-BB41-0BF05D8BC797}.Release|Any CPU.ActiveCfg = Release|Any CPU
		{5C965704-BCD6-4C01-BB41-0BF05D8BC797}.Release|Any CPU.Build.0 = Release|Any CPU
		{77576D53-ECD7-4433-A4B2-1ADD6EDCA707}.Debug|Any CPU.ActiveCfg = Debug|Any CPU
		{77576D53-ECD7-4433-A4B2-1ADD6EDCA707}.Debug|Any CPU.Build.0 = Debug|Any CPU
		{77576D53-ECD7-4433-A4B2-1ADD6EDCA707}.Release|Any CPU.ActiveCfg = Release|Any CPU
		{77576D53-ECD7-4433-A4B2-1ADD6EDCA707}.Release|Any CPU.Build.0 = Release|Any CPU
	EndGlobalSection
	GlobalSection(SolutionProperties) = preSolution
		HideSolutionNode = FALSE
	EndGlobalSection
	GlobalSection(ExtensibilityGlobals) = postSolution
		SolutionGuid = {CDA5A325-BE15-4684-A5E0-EFDCE7BD1BD3}
	EndGlobalSection
EndGlobal
